
Microsoft Visual Studio Solution File, Format Version 12.00
# Visual Studio Version 17
VisualStudioVersion = 17.4.33110.190
MinimumVisualStudioVersion = 10.0.40219.1
Project("{9A19103F-16F7-4668-BE54-9A1E7A4F7556}") = "GeometryLibrary", "GeometryLibrary\GeometryLibrary.csproj", "{A5FD50D5-DE20-4E63-94F3-6E4787D352CB}"
EndProject
Project("{9A19103F-16F7-4668-BE54-9A1E7A4F7556}") = "GeometryLibrary.Tests", "GeometryLibrary.Tests\GeometryLibrary.Tests.csproj", "{EF613247-7769-4E45-B1D7-A82A73F975AD}"
EndProject
Project("{FAE04EC0-301F-11D3-BF4B-00C04F79EFBC}") = "DbTask", "DbTask\DbTask.csproj", "{9EA532A2-5F93-48C0-9D15-6114E7E98223}"
EndProject
Global
	GlobalSection(SolutionConfigurationPlatforms) = preSolution
		Debug|Any CPU = Debug|Any CPU
		Release|Any CPU = Release|Any CPU
	EndGlobalSection
	GlobalSection(ProjectConfigurationPlatforms) = postSolution
		{A5FD50D5-DE20-4E63-94F3-6E4787D352CB}.Debug|Any CPU.ActiveCfg = Debug|Any CPU
		{A5FD50D5-DE20-4E63-94F3-6E4787D352CB}.Debug|Any CPU.Build.0 = Debug|Any CPU
		{A5FD50D5-DE20-4E63-94F3-6E4787D352CB}.Release|Any CPU.ActiveCfg = Release|Any CPU
		{A5FD50D5-DE20-4E63-94F3-6E4787D352CB}.Release|Any CPU.Build.0 = Release|Any CPU
		{EF613247-7769-4E45-B1D7-A82A73F975AD}.Debug|Any CPU.ActiveCfg = Debug|Any CPU
		{EF613247-7769-4E45-B1D7-A82A73F975AD}.Debug|Any CPU.Build.0 = Debug|Any CPU
		{EF613247-7769-4E45-B1D7-A82A73F975AD}.Release|Any CPU.ActiveCfg = Release|Any CPU
		{EF613247-7769-4E45-B1D7-A82A73F975AD}.Release|Any CPU.Build.0 = Release|Any CPU
		{9EA532A2-5F93-48C0-9D15-6114E7E98223}.Debug|Any CPU.ActiveCfg = Debug|Any CPU
		{9EA532A2-5F93-48C0-9D15-6114E7E98223}.Debug|Any CPU.Build.0 = Debug|Any CPU
		{9EA532A2-5F93-48C0-9D15-6114E7E98223}.Release|Any CPU.ActiveCfg = Release|Any CPU
		{9EA532A2-5F93-48C0-9D15-6114E7E98223}.Release|Any CPU.Build.0 = Release|Any CPU
	EndGlobalSection
	GlobalSection(SolutionProperties) = preSolution
		HideSolutionNode = FALSE
	EndGlobalSection
	GlobalSection(ExtensibilityGlobals) = postSolution
		SolutionGuid = {CCC5D072-52EB-4FB4-9194-04CF96D9586E}
	EndGlobalSection
EndGlobal
